
Microsoft Visual Studio Solution File, Format Version 12.00
# Visual Studio Version 16
VisualStudioVersion = 16.0.31019.35
MinimumVisualStudioVersion = 10.0.40219.1
Project("{FAE04EC0-301F-11D3-BF4B-00C04F79EFBC}") = "Application", "Application\Application.csproj", "{81206BB3-2F69-4325-80D5-3251ECBD028A}"
EndProject
Project("{FAE04EC0-301F-11D3-BF4B-00C04F79EFBC}") = "Data", "Data\Data.csproj", "{04843B77-BFD2-4972-8E03-928D539228B1}"
EndProject
Project("{FAE04EC0-301F-11D3-BF4B-00C04F79EFBC}") = "Domain", "Domain\Domain.csproj", "{985B31E0-CD61-4A4D-BDE3-F6B2708BDB34}"
EndProject
Project("{FAE04EC0-301F-11D3-BF4B-00C04F79EFBC}") = "Service", "Service\Service.csproj", "{1C52F098-B13C-4CEA-AE2A-C8D15650E560}"
EndProject
Project("{FAE04EC0-301F-11D3-BF4B-00C04F79EFBC}") = "CrossCutting", "CrossCutting\CrossCutting.csproj", "{FB53A278-9254-49F6-B672-E2D03F3307DB}"
EndProject
Global
	GlobalSection(SolutionConfigurationPlatforms) = preSolution
		Debug|Any CPU = Debug|Any CPU
		Release|Any CPU = Release|Any CPU
	EndGlobalSection
	GlobalSection(ProjectConfigurationPlatforms) = postSolution
		{81206BB3-2F69-4325-80D5-3251ECBD028A}.Debug|Any CPU.ActiveCfg = Debug|Any CPU
		{81206BB3-2F69-4325-80D5-3251ECBD028A}.Debug|Any CPU.Build.0 = Debug|Any CPU
		{81206BB3-2F69-4325-80D5-3251ECBD028A}.Release|Any CPU.ActiveCfg = Release|Any CPU
		{81206BB3-2F69-4325-80D5-3251ECBD028A}.Release|Any CPU.Build.0 = Release|Any CPU
		{04843B77-BFD2-4972-8E03-928D539228B1}.Debug|Any CPU.ActiveCfg = Debug|Any CPU
		{04843B77-BFD2-4972-8E03-928D539228B1}.Debug|Any CPU.Build.0 = Debug|Any CPU
		{04843B77-BFD2-4972-8E03-928D539228B1}.Release|Any CPU.ActiveCfg = Release|Any CPU
		{04843B77-BFD2-4972-8E03-928D539228B1}.Release|Any CPU.Build.0 = Release|Any CPU
		{985B31E0-CD61-4A4D-BDE3-F6B2708BDB34}.Debug|Any CPU.ActiveCfg = Debug|Any CPU
		{985B31E0-CD61-4A4D-BDE3-F6B2708BDB34}.Debug|Any CPU.Build.0 = Debug|Any CPU
		{985B31E0-CD61-4A4D-BDE3-F6B2708BDB34}.Release|Any CPU.ActiveCfg = Release|Any CPU
		{985B31E0-CD61-4A4D-BDE3-F6B2708BDB34}.Release|Any CPU.Build.0 = Release|Any CPU
		{1C52F098-B13C-4CEA-AE2A-C8D15650E560}.Debug|Any CPU.ActiveCfg = Debug|Any CPU
		{1C52F098-B13C-4CEA-AE2A-C8D15650E560}.Debug|Any CPU.Build.0 = Debug|Any CPU
		{1C52F098-B13C-4CEA-AE2A-C8D15650E560}.Release|Any CPU.ActiveCfg = Release|Any CPU
		{1C52F098-B13C-4CEA-AE2A-C8D15650E560}.Release|Any CPU.Build.0 = Release|Any CPU
		{FB53A278-9254-49F6-B672-E2D03F3307DB}.Debug|Any CPU.ActiveCfg = Debug|Any CPU
		{FB53A278-9254-49F6-B672-E2D03F3307DB}.Debug|Any CPU.Build.0 = Debug|Any CPU
		{FB53A278-9254-49F6-B672-E2D03F3307DB}.Release|Any CPU.ActiveCfg = Release|Any CPU
		{FB53A278-9254-49F6-B672-E2D03F3307DB}.Release|Any CPU.Build.0 = Release|Any CPU
	EndGlobalSection
	GlobalSection(SolutionProperties) = preSolution
		HideSolutionNode = FALSE
	EndGlobalSection
	GlobalSection(ExtensibilityGlobals) = postSolution
		SolutionGuid = {D5E25C20-6709-44C3-A7FE-194A1F9E588F}
	EndGlobalSection
EndGlobal
